
Microsoft Visual Studio Solution File, Format Version 12.00
# Visual Studio Version 16
VisualStudioVersion = 16.0.29519.87
MinimumVisualStudioVersion = 10.0.40219.1
Project("{FAE04EC0-301F-11D3-BF4B-00C04F79EFBC}") = "Lab06-4", "Lab06-4\Lab06-4.csproj", "{0D715B72-53BE-4683-BAE9-8B722CD5E8BB}"
EndProject
Global
	GlobalSection(SolutionConfigurationPlatforms) = preSolution
		Debug|Any CPU = Debug|Any CPU
		Release|Any CPU = Release|Any CPU
	EndGlobalSection
	GlobalSection(ProjectConfigurationPlatforms) = postSolution
		{0D715B72-53BE-4683-BAE9-8B722CD5E8BB}.Debug|Any CPU.ActiveCfg = Debug|Any CPU
		{0D715B72-53BE-4683-BAE9-8B722CD5E8BB}.Debug|Any CPU.Build.0 = Debug|Any CPU
		{0D715B72-53BE-4683-BAE9-8B722CD5E8BB}.Release|Any CPU.ActiveCfg = Release|Any CPU
		{0D715B72-53BE-4683-BAE9-8B722CD5E8BB}.Release|Any CPU.Build.0 = Release|Any CPU
	EndGlobalSection
	GlobalSection(SolutionProperties) = preSolution
		HideSolutionNode = FALSE
	EndGlobalSection
	GlobalSection(ExtensibilityGlobals) = postSolution
		SolutionGuid = {A5051D66-56E0-4AB2-87EC-7823E2D75A77}
	EndGlobalSection
EndGlobal
